<?xml version="1.0" encoding="utf-8"?>
<Project ToolsVersion="4.0" xmlns="http://schemas.microsoft.com/developer/msbuild/2003">
  <ItemGroup>
    <Filter Include="Source Files">
      <UniqueIdentifier>{4FC737F1-C7A5-4376-A066-2A32D752A2FF}</UniqueIdentifier>
      <Extensions>cpp;c;cc;cxx;def;odl;idl;hpj;bat;asm;asmx</Extensions>
    </Filter>
    <Filter Include="Header Files">
      <UniqueIdentifier>{93995380-89BD-4b04-88EB-625FBE52EBFB}</UniqueIdentifier>
      <Extensions>h;hh;hpp;hxx;hm;inl;inc;ipp;xsd</Extensions>
    </Filter>
    <Filter Include="Resource Files">
      <UniqueIdentifier>{67DA6AB6-F800-4c08-8B7A-83BB121AAD01}</UniqueIdentifier>
      <Extensions>rc;ico;cur;bmp;dlg;rc2;rct;bin;rgs;gif;jpg;jpeg;jpe;resx;tiff;tif;png;wav;mfcribbon-ms</Extensions>
    </Filter>
    <Filter Include="Libs">
      <UniqueIdentifier>{82b8cef5-3a56-460f-b3c2-0405276507f3}</UniqueIdentifier>
    </Filter>
    <Filter Include="Source Files\GameObject">
      <UniqueIdentifier>{01823d3a-d58b-45e6-9282-e4125d628f54}</UniqueIdentifier>
    </Filter>
    <Filter Include="Source Files\GameObject\Components">
      <UniqueIdentifier>{73a296d7-8385-4c3d-83b4-8d0f887e9001}</UniqueIdentifier>
    </Filter>
    <Filter Include="Source Files\Shaders">
      <UniqueIdentifier>{14a90fe3-cac6-42d6-a3c7-6eac08d8664f}</UniqueIdentifier>
    </Filter>
    <Filter Include="Source Files\GameObject\Components\Lighting">
      <UniqueIdentifier>{88193f3f-80bf-447c-8f4f-6fc3d8811556}</UniqueIdentifier>
    </Filter>
    <Filter Include="Source Files\GameObject\Components\Movement">
      <UniqueIdentifier>{635e9b76-3e82-4bc6-94c5-1063d4346e2a}</UniqueIdentifier>
    </Filter>
    <Filter Include="Source Files\GameObject\Components\Rendering">
      <UniqueIdentifier>{f122f82d-a45b-43e0-87fb-871e798ecc01}</UniqueIdentifier>
    </Filter>
    <Filter Include="Source Files\GameObject\Components\Physics">
      <UniqueIdentifier>{127b2316-4a73-4f6f-a3ff-8dc77916f9a3}</UniqueIdentifier>
    </Filter>
    <Filter Include="Source Files\Loading">
      <UniqueIdentifier>{ab0b99fc-3298-4a97-ae74-641e97704f6e}</UniqueIdentifier>
    </Filter>
    <Filter Include="Libs\imGUI">
      <UniqueIdentifier>{a8c7babe-1ebd-464e-9dc1-8b36e6ef5a5e}</UniqueIdentifier>
    </Filter>
    <Filter Include="Source Files\Editor">
      <UniqueIdentifier>{bd7fa438-55a2-4fa4-8aaf-faa9960996ce}</UniqueIdentifier>
    </Filter>
    <Filter Include="Game">
      <UniqueIdentifier>{9911f5cb-ffe3-42b9-8d9a-164ed4b95fa5}</UniqueIdentifier>
    </Filter>
    <Filter Include="Game\headers">
      <UniqueIdentifier>{f953b9d5-1163-42ab-9944-9bdd07062f7b}</UniqueIdentifier>
    </Filter>
    <Filter Include="Game\source">
      <UniqueIdentifier>{f9839a7e-8287-4e57-8d77-f95d928ec6e1}</UniqueIdentifier>
    </Filter>
  </ItemGroup>
  <ItemGroup>
    <ClInclude Include="Game.h">
      <Filter>Header Files</Filter>
    </ClInclude>
    <ClInclude Include="Input.h">
      <Filter>Header Files</Filter>
    </ClInclude>
    <ClInclude Include="GameObject.h">
      <Filter>Header Files</Filter>
    </ClInclude>
    <ClInclude Include="Component.h">
      <Filter>Header Files</Filter>
    </ClInclude>
    <ClInclude Include="Transform.h">
      <Filter>Header Files</Filter>
    </ClInclude>
    <ClInclude Include="GameObjectManager.h">
      <Filter>Header Files</Filter>
    </ClInclude>
    <ClInclude Include="MeshRenderer.h">
      <Filter>Header Files</Filter>
    </ClInclude>
    <ClInclude Include="TestMove.h">
      <Filter>Header Files</Filter>
    </ClInclude>
    <ClInclude Include="Shader.h">
      <Filter>Header Files</Filter>
    </ClInclude>
    <ClInclude Include="Camera.h">
      <Filter>Header Files</Filter>
    </ClInclude>
    <ClInclude Include="Renderer.h">
      <Filter>Header Files</Filter>
    </ClInclude>
    <ClInclude Include="CameraMovement.h">
      <Filter>Header Files</Filter>
    </ClInclude>
    <ClInclude Include="LevelFileManager.h">
      <Filter>Header Files</Filter>
    </ClInclude>
    <ClInclude Include="ModelLoader.h">
      <Filter>Header Files</Filter>
    </ClInclude>
    <ClInclude Include="Light.h">
      <Filter>Header Files</Filter>
    </ClInclude>
    <ClInclude Include="DirectionalLight.h">
      <Filter>Header Files</Filter>
    </ClInclude>
    <ClInclude Include="PointLight.h">
      <Filter>Header Files</Filter>
    </ClInclude>
    <ClInclude Include="SpotLight.h">
      <Filter>Header Files</Filter>
    </ClInclude>
    <ClInclude Include="Rigidbody.h">
      <Filter>Header Files</Filter>
    </ClInclude>
    <ClInclude Include="imGUI\stb_rect_pack.h">
      <Filter>Header Files</Filter>
    </ClInclude>
    <ClInclude Include="imGUI\stb_textedit.h">
      <Filter>Header Files</Filter>
    </ClInclude>
    <ClInclude Include="imGUI\stb_truetype.h">
      <Filter>Header Files</Filter>
    </ClInclude>
    <ClInclude Include="imGUI\imgui_impl_glfw_gl3.h">
      <Filter>Libs\imGUI</Filter>
    </ClInclude>
    <ClInclude Include="imGUI\imgui_internal.h">
      <Filter>Libs\imGUI</Filter>
    </ClInclude>
    <ClInclude Include="imGUI\imgui.h">
      <Filter>Libs\imGUI</Filter>
    </ClInclude>
    <ClInclude Include="imGUI\imconfig.h">
      <Filter>Libs\imGUI</Filter>
    </ClInclude>
    <ClInclude Include="EditorMode.h">
      <Filter>Header Files</Filter>
    </ClInclude>
    <ClInclude Include="stb_image.h">
      <Filter>Header Files</Filter>
    </ClInclude>
    <ClInclude Include="IconRenderer.h">
      <Filter>Header Files</Filter>
    </ClInclude>
    <ClInclude Include="Time.h">
      <Filter>Header Files</Filter>
    </ClInclude>
    <ClInclude Include="EditorCamera.h">
      <Filter>Header Files</Filter>
    </ClInclude>
    <ClInclude Include="EditorDebug.h">
      <Filter>Header Files</Filter>
    </ClInclude>
    <ClInclude Include="F:\OpenGLGameEngine\Proj\*.h">
      <Filter>Header Files</Filter>
    </ClInclude>
    <ClInclude Include="F:\OpenGLGameEngine\Proj\*.h">
      <Filter>Header Files</Filter>
    </ClInclude>
    <ClInclude Include="F:\OpenGLGameEngine\Proj\*.h">
      <Filter>Header Files</Filter>
    </ClInclude>
    <ClInclude Include="F:\OpenGLGameEngine\Proj\*.h">
      <Filter>Header Files</Filter>
    </ClInclude>
    <ClInclude Include="F:\OpenGLGameEngine\Proj\*.h">
      <Filter>Header Files</Filter>
    </ClInclude>
  </ItemGroup>
  <ItemGroup>
    <ClCompile Include="Game.cpp">
      <Filter>Source Files</Filter>
    </ClCompile>
    <ClCompile Include="Input.cpp">
      <Filter>Source Files</Filter>
    </ClCompile>
    <ClCompile Include="glad.c">
      <Filter>Libs</Filter>
    </ClCompile>
    <ClCompile Include="Component.cpp">
      <Filter>Source Files\GameObject\Components</Filter>
    </ClCompile>
    <ClCompile Include="Transform.cpp">
      <Filter>Source Files\GameObject\Components</Filter>
    </ClCompile>
    <ClCompile Include="GameObject.cpp">
      <Filter>Source Files\GameObject</Filter>
    </ClCompile>
    <ClCompile Include="GameObjectManager.cpp">
      <Filter>Source Files\GameObject</Filter>
    </ClCompile>
    <ClCompile Include="DirectionalLight.cpp">
      <Filter>Source Files\GameObject\Components\Lighting</Filter>
    </ClCompile>
    <ClCompile Include="Light.cpp">
      <Filter>Source Files\GameObject\Components\Lighting</Filter>
    </ClCompile>
    <ClCompile Include="SpotLight.cpp">
      <Filter>Source Files\GameObject\Components\Lighting</Filter>
    </ClCompile>
    <ClCompile Include="PointLight.cpp">
      <Filter>Source Files\GameObject\Components\Lighting</Filter>
    </ClCompile>
    <ClCompile Include="CameraMovement.cpp">
      <Filter>Source Files\GameObject\Components\Movement</Filter>
    </ClCompile>
    <ClCompile Include="TestMove.cpp">
      <Filter>Source Files\GameObject\Components\Movement</Filter>
    </ClCompile>
    <ClCompile Include="Camera.cpp">
      <Filter>Source Files\GameObject\Components\Rendering</Filter>
    </ClCompile>
    <ClCompile Include="MeshRenderer.cpp">
      <Filter>Source Files\GameObject\Components\Rendering</Filter>
    </ClCompile>
    <ClCompile Include="Renderer.cpp">
      <Filter>Source Files\GameObject\Components\Rendering</Filter>
    </ClCompile>
    <ClCompile Include="RigidBody.cpp">
      <Filter>Source Files\GameObject\Components\Physics</Filter>
    </ClCompile>
    <ClCompile Include="imGUI\imgui.cpp">
      <Filter>Libs\imGUI</Filter>
    </ClCompile>
    <ClCompile Include="imGUI\imgui_demo.cpp">
      <Filter>Libs\imGUI</Filter>
    </ClCompile>
    <ClCompile Include="imGUI\imgui_draw.cpp">
      <Filter>Libs\imGUI</Filter>
    </ClCompile>
    <ClCompile Include="imGUI\imgui_impl_glfw_gl3.cpp">
      <Filter>Libs\imGUI</Filter>
    </ClCompile>
    <ClCompile Include="LevelFileManager.cpp">
      <Filter>Source Files\Loading</Filter>
    </ClCompile>
    <ClCompile Include="ModelLoader.cpp">
      <Filter>Source Files\Loading</Filter>
    </ClCompile>
    <ClCompile Include="stb_image.cpp">
      <Filter>Source Files</Filter>
    </ClCompile>
    <ClCompile Include="IconRenderer.cpp">
      <Filter>Source Files\GameObject\Components\Rendering</Filter>
    </ClCompile>
    <ClCompile Include="Shader.cpp">
      <Filter>Source Files\Shaders</Filter>
    </ClCompile>
    <ClCompile Include="Time.cpp">
      <Filter>Source Files</Filter>
    </ClCompile>
    <ClCompile Include="EditorMode.cpp">
      <Filter>Source Files\Editor</Filter>
    </ClCompile>
    <ClCompile Include="EditorCamera.cpp">
      <Filter>Source Files\Editor</Filter>
    </ClCompile>
    <ClCompile Include="EditorDebug.cpp">
      <Filter>Source Files\Editor</Filter>
    </ClCompile>
    <ClCompile Include="main.cpp">
      <Filter>Source Files</Filter>
    </ClCompile>
    <ClCompile Include="F:\OpenGLGameEngine\Proj\*.cpp">
      <Filter>Source Files</Filter>
    </ClCompile>
    <ClCompile Include="F:\OpenGLGameEngine\Proj\*.cpp">
      <Filter>Source Files</Filter>
    </ClCompile>
    <ClCompile Include="F:\OpenGLGameEngine\Proj\*.cpp">
      <Filter>Source Files</Filter>
    </ClCompile>
    <ClCompile Include="F:\OpenGLGameEngine\Proj\*.cpp">
      <Filter>Source Files</Filter>
    </ClCompile>
  </ItemGroup>
  <ItemGroup>
    <None Include="Resources\Models\TreeTest.ply">
      <Filter>Resource Files</Filter>
    </None>
    <None Include="Resources\Models\FlipTest.ply">
      <Filter>Resource Files</Filter>
    </None>
    <None Include="Resources\Models\house.ply">
      <Filter>Resource Files</Filter>
    </None>
    <None Include="ClassDiagram.cd" />
    <None Include="Shaders\core.frag">
      <Filter>Source Files\Shaders</Filter>
    </None>
    <None Include="Shaders\core.vert">
      <Filter>Source Files\Shaders</Filter>
    </None>
    <None Include="Shaders\icon.frag">
      <Filter>Source Files\Shaders</Filter>
    </None>
    <None Include="Shaders\icon.vert">
      <Filter>Source Files\Shaders</Filter>
    </None>
  </ItemGroup>
  <ItemGroup>
    <Text Include="Resources\Levels\Level.txt">
      <Filter>Resource Files</Filter>
    </Text>
  </ItemGroup>
  <ItemGroup>
    <Image Include="Resources\Icons\pointLightIcon.jpg">
      <Filter>Resource Files</Filter>
    </Image>
    <Image Include="Resources\Icons\spot_icon.jpg">
      <Filter>Resource Files</Filter>
    </Image>
    <Image Include="Resources\Icons\directional_icon.jpg">
      <Filter>Resource Files</Filter>
    </Image>
    <Image Include="Resources\Icons\CameraIcon.jpg">
      <Filter>Resource Files</Filter>
    </Image>
  </ItemGroup>
</Project>